
Microsoft Visual Studio Solution File, Format Version 12.00
# Visual Studio Version 16
VisualStudioVersion = 16.0.31605.320
MinimumVisualStudioVersion = 10.0.40219.1
Project("{FAE04EC0-301F-11D3-BF4B-00C04F79EFBC}") = "PersonProject", "PersonProject.csproj", "{B14BD1DA-61D0-4613-9BD2-EE0A80AFD6EA}"
EndProject
Global
	GlobalSection(SolutionConfigurationPlatforms) = preSolution
		Debug|Any CPU = Debug|Any CPU
		Release|Any CPU = Release|Any CPU
	EndGlobalSection
	GlobalSection(ProjectConfigurationPlatforms) = postSolution
		{B14BD1DA-61D0-4613-9BD2-EE0A80AFD6EA}.Debug|Any CPU.ActiveCfg = Debug|Any CPU
		{B14BD1DA-61D0-4613-9BD2-EE0A80AFD6EA}.Debug|Any CPU.Build.0 = Debug|Any CPU
		{B14BD1DA-61D0-4613-9BD2-EE0A80AFD6EA}.Release|Any CPU.ActiveCfg = Release|Any CPU
		{B14BD1DA-61D0-4613-9BD2-EE0A80AFD6EA}.Release|Any CPU.Build.0 = Release|Any CPU
	EndGlobalSection
	GlobalSection(SolutionProperties) = preSolution
		HideSolutionNode = FALSE
	EndGlobalSection
	GlobalSection(ExtensibilityGlobals) = postSolution
		SolutionGuid = {AB37E5E7-CED9-4666-B387-F1CD238D6006}
	EndGlobalSection
EndGlobal
